// !$*UTF8*$!
{
	archiveVersion = 1;
	classes = {
	};
	objectVersion = 46;
	objects = {

/* Begin PBXBuildFile section */
		9BCF0AA01B039E290005E5AD /* AppDelegate.swift in Sources */ = {isa = PBXBuildFile; fileRef = 9BCF0A9F1B039E290005E5AD /* AppDelegate.swift */; };
		9BCF0AA21B039E290005E5AD /* ViewController.swift in Sources */ = {isa = PBXBuildFile; fileRef = 9BCF0AA11B039E290005E5AD /* ViewController.swift */; };
		9BCF0AA51B039E290005E5AD /* Main.storyboard in Resources */ = {isa = PBXBuildFile; fileRef = 9BCF0AA31B039E290005E5AD /* Main.storyboard */; };
		9BCF0AA71B039E290005E5AD /* Images.xcassets in Resources */ = {isa = PBXBuildFile; fileRef = 9BCF0AA61B039E290005E5AD /* Images.xcassets */; };
		9BCF0AAA1B039E290005E5AD /* LaunchScreen.xib in Resources */ = {isa = PBXBuildFile; fileRef = 9BCF0AA81B039E290005E5AD /* LaunchScreen.xib */; };
		9BCF0AB61B039E2A0005E5AD /* DNAppTests.swift in Sources */ = {isa = PBXBuildFile; fileRef = 9BCF0AB51B039E2A0005E5AD /* DNAppTests.swift */; };
		9BCF0B141B03B8930005E5AD /* AsyncButton.swift in Sources */ = {isa = PBXBuildFile; fileRef = 9BCF0AF61B03B8930005E5AD /* AsyncButton.swift */; };
		9BCF0B151B03B8930005E5AD /* AsyncImageView.swift in Sources */ = {isa = PBXBuildFile; fileRef = 9BCF0AF71B03B8930005E5AD /* AsyncImageView.swift */; };
		9BCF0B161B03B8930005E5AD /* AutoTextView.swift in Sources */ = {isa = PBXBuildFile; fileRef = 9BCF0AF81B03B8930005E5AD /* AutoTextView.swift */; };
		9BCF0B171B03B8930005E5AD /* BlurView.swift in Sources */ = {isa = PBXBuildFile; fileRef = 9BCF0AF91B03B8930005E5AD /* BlurView.swift */; };
		9BCF0B181B03B8930005E5AD /* DesignableButton.swift in Sources */ = {isa = PBXBuildFile; fileRef = 9BCF0AFA1B03B8930005E5AD /* DesignableButton.swift */; };
		9BCF0B191B03B8930005E5AD /* DesignableImageView.swift in Sources */ = {isa = PBXBuildFile; fileRef = 9BCF0AFB1B03B8930005E5AD /* DesignableImageView.swift */; };
		9BCF0B1A1B03B8930005E5AD /* DesignableLabel.swift in Sources */ = {isa = PBXBuildFile; fileRef = 9BCF0AFC1B03B8930005E5AD /* DesignableLabel.swift */; };
		9BCF0B1B1B03B8930005E5AD /* DesignableTabBarController.swift in Sources */ = {isa = PBXBuildFile; fileRef = 9BCF0AFD1B03B8930005E5AD /* DesignableTabBarController.swift */; };
		9BCF0B1C1B03B8930005E5AD /* DesignableTextField.swift in Sources */ = {isa = PBXBuildFile; fileRef = 9BCF0AFE1B03B8930005E5AD /* DesignableTextField.swift */; };
		9BCF0B1D1B03B8930005E5AD /* DesignableTextView.swift in Sources */ = {isa = PBXBuildFile; fileRef = 9BCF0AFF1B03B8930005E5AD /* DesignableTextView.swift */; };
		9BCF0B1E1B03B8930005E5AD /* DesignableView.swift in Sources */ = {isa = PBXBuildFile; fileRef = 9BCF0B001B03B8930005E5AD /* DesignableView.swift */; };
		9BCF0B1F1B03B8930005E5AD /* ImageLoader.swift in Sources */ = {isa = PBXBuildFile; fileRef = 9BCF0B011B03B8930005E5AD /* ImageLoader.swift */; };
		9BCF0B201B03B8930005E5AD /* Info.plist in Resources */ = {isa = PBXBuildFile; fileRef = 9BCF0B021B03B8930005E5AD /* Info.plist */; };
		9BCF0B211B03B8930005E5AD /* KeyboardLayoutConstraint.swift in Sources */ = {isa = PBXBuildFile; fileRef = 9BCF0B031B03B8930005E5AD /* KeyboardLayoutConstraint.swift */; };
		9BCF0B221B03B8930005E5AD /* LoadingView.swift in Sources */ = {isa = PBXBuildFile; fileRef = 9BCF0B041B03B8930005E5AD /* LoadingView.swift */; };
		9BCF0B231B03B8930005E5AD /* LoadingView.xib in Resources */ = {isa = PBXBuildFile; fileRef = 9BCF0B051B03B8930005E5AD /* LoadingView.xib */; };
		9BCF0B241B03B8930005E5AD /* Misc.swift in Sources */ = {isa = PBXBuildFile; fileRef = 9BCF0B061B03B8930005E5AD /* Misc.swift */; };
		9BCF0B251B03B8930005E5AD /* SoundPlayer.swift in Sources */ = {isa = PBXBuildFile; fileRef = 9BCF0B071B03B8930005E5AD /* SoundPlayer.swift */; };
		9BCF0B261B03B8930005E5AD /* Spring.swift in Sources */ = {isa = PBXBuildFile; fileRef = 9BCF0B091B03B8930005E5AD /* Spring.swift */; };
		9BCF0B271B03B8930005E5AD /* SpringAnimation.swift in Sources */ = {isa = PBXBuildFile; fileRef = 9BCF0B0A1B03B8930005E5AD /* SpringAnimation.swift */; };
		9BCF0B281B03B8930005E5AD /* SpringButton.swift in Sources */ = {isa = PBXBuildFile; fileRef = 9BCF0B0B1B03B8930005E5AD /* SpringButton.swift */; };
		9BCF0B291B03B8930005E5AD /* SpringImageView.swift in Sources */ = {isa = PBXBuildFile; fileRef = 9BCF0B0C1B03B8930005E5AD /* SpringImageView.swift */; };
		9BCF0B2A1B03B8930005E5AD /* SpringLabel.swift in Sources */ = {isa = PBXBuildFile; fileRef = 9BCF0B0D1B03B8930005E5AD /* SpringLabel.swift */; };
		9BCF0B2B1B03B8930005E5AD /* SpringTextField.swift in Sources */ = {isa = PBXBuildFile; fileRef = 9BCF0B0E1B03B8930005E5AD /* SpringTextField.swift */; };
		9BCF0B2C1B03B8930005E5AD /* SpringTextView.swift in Sources */ = {isa = PBXBuildFile; fileRef = 9BCF0B0F1B03B8930005E5AD /* SpringTextView.swift */; };
		9BCF0B2D1B03B8930005E5AD /* SpringView.swift in Sources */ = {isa = PBXBuildFile; fileRef = 9BCF0B101B03B8930005E5AD /* SpringView.swift */; };
		9BCF0B2E1B03B8930005E5AD /* TransitionManager.swift in Sources */ = {isa = PBXBuildFile; fileRef = 9BCF0B111B03B8930005E5AD /* TransitionManager.swift */; };
		9BCF0B2F1B03B8930005E5AD /* TransitionZoom.swift in Sources */ = {isa = PBXBuildFile; fileRef = 9BCF0B121B03B8930005E5AD /* TransitionZoom.swift */; };
		9BCF0B301B03B8930005E5AD /* UnwindSegue.swift in Sources */ = {isa = PBXBuildFile; fileRef = 9BCF0B131B03B8930005E5AD /* UnwindSegue.swift */; };
/* End PBXBuildFile section */

/* Begin PBXContainerItemProxy section */
		9BCF0AB01B039E2A0005E5AD /* PBXContainerItemProxy */ = {
			isa = PBXContainerItemProxy;
			containerPortal = 9BCF0A921B039E290005E5AD /* Project object */;
			proxyType = 1;
			remoteGlobalIDString = 9BCF0A991B039E290005E5AD;
			remoteInfo = DNApp;
		};
/* End PBXContainerItemProxy section */

/* Begin PBXFileReference section */
		9BCF0A9A1B039E290005E5AD /* DNApp.app */ = {isa = PBXFileReference; explicitFileType = wrapper.application; includeInIndex = 0; path = DNApp.app; sourceTree = BUILT_PRODUCTS_DIR; };
		9BCF0A9E1B039E290005E5AD /* Info.plist */ = {isa = PBXFileReference; lastKnownFileType = text.plist.xml; path = Info.plist; sourceTree = "<group>"; };
		9BCF0A9F1B039E290005E5AD /* AppDelegate.swift */ = {isa = PBXFileReference; lastKnownFileType = sourcecode.swift; path = AppDelegate.swift; sourceTree = "<group>"; };
		9BCF0AA11B039E290005E5AD /* ViewController.swift */ = {isa = PBXFileReference; lastKnownFileType = sourcecode.swift; path = ViewController.swift; sourceTree = "<group>"; };
		9BCF0AA41B039E290005E5AD /* Base */ = {isa = PBXFileReference; lastKnownFileType = file.storyboard; name = Base; path = Base.lproj/Main.storyboard; sourceTree = "<group>"; };
		9BCF0AA61B039E290005E5AD /* Images.xcassets */ = {isa = PBXFileReference; lastKnownFileType = folder.assetcatalog; path = Images.xcassets; sourceTree = "<group>"; };
		9BCF0AA91B039E290005E5AD /* Base */ = {isa = PBXFileReference; lastKnownFileType = file.xib; name = Base; path = Base.lproj/LaunchScreen.xib; sourceTree = "<group>"; };
		9BCF0AAF1B039E290005E5AD /* DNAppTests.xctest */ = {isa = PBXFileReference; explicitFileType = wrapper.cfbundle; includeInIndex = 0; path = DNAppTests.xctest; sourceTree = BUILT_PRODUCTS_DIR; };
		9BCF0AB41B039E2A0005E5AD /* Info.plist */ = {isa = PBXFileReference; lastKnownFileType = text.plist.xml; path = Info.plist; sourceTree = "<group>"; };
		9BCF0AB51B039E2A0005E5AD /* DNAppTests.swift */ = {isa = PBXFileReference; lastKnownFileType = sourcecode.swift; path = DNAppTests.swift; sourceTree = "<group>"; };
		9BCF0AF61B03B8930005E5AD /* AsyncButton.swift */ = {isa = PBXFileReference; fileEncoding = 4; lastKnownFileType = sourcecode.swift; path = AsyncButton.swift; sourceTree = "<group>"; };
		9BCF0AF71B03B8930005E5AD /* AsyncImageView.swift */ = {isa = PBXFileReference; fileEncoding = 4; lastKnownFileType = sourcecode.swift; path = AsyncImageView.swift; sourceTree = "<group>"; };
		9BCF0AF81B03B8930005E5AD /* AutoTextView.swift */ = {isa = PBXFileReference; fileEncoding = 4; lastKnownFileType = sourcecode.swift; path = AutoTextView.swift; sourceTree = "<group>"; };
		9BCF0AF91B03B8930005E5AD /* BlurView.swift */ = {isa = PBXFileReference; fileEncoding = 4; lastKnownFileType = sourcecode.swift; path = BlurView.swift; sourceTree = "<group>"; };
		9BCF0AFA1B03B8930005E5AD /* DesignableButton.swift */ = {isa = PBXFileReference; fileEncoding = 4; lastKnownFileType = sourcecode.swift; path = DesignableButton.swift; sourceTree = "<group>"; };
		9BCF0AFB1B03B8930005E5AD /* DesignableImageView.swift */ = {isa = PBXFileReference; fileEncoding = 4; lastKnownFileType = sourcecode.swift; path = DesignableImageView.swift; sourceTree = "<group>"; };
		9BCF0AFC1B03B8930005E5AD /* DesignableLabel.swift */ = {isa = PBXFileReference; fileEncoding = 4; lastKnownFileType = sourcecode.swift; path = DesignableLabel.swift; sourceTree = "<group>"; };
		9BCF0AFD1B03B8930005E5AD /* DesignableTabBarController.swift */ = {isa = PBXFileReference; fileEncoding = 4; lastKnownFileType = sourcecode.swift; path = DesignableTabBarController.swift; sourceTree = "<group>"; };
		9BCF0AFE1B03B8930005E5AD /* DesignableTextField.swift */ = {isa = PBXFileReference; fileEncoding = 4; lastKnownFileType = sourcecode.swift; path = DesignableTextField.swift; sourceTree = "<group>"; };
		9BCF0AFF1B03B8930005E5AD /* DesignableTextView.swift */ = {isa = PBXFileReference; fileEncoding = 4; lastKnownFileType = sourcecode.swift; path = DesignableTextView.swift; sourceTree = "<group>"; };
		9BCF0B001B03B8930005E5AD /* DesignableView.swift */ = {isa = PBXFileReference; fileEncoding = 4; lastKnownFileType = sourcecode.swift; path = DesignableView.swift; sourceTree = "<group>"; };
		9BCF0B011B03B8930005E5AD /* ImageLoader.swift */ = {isa = PBXFileReference; fileEncoding = 4; lastKnownFileType = sourcecode.swift; path = ImageLoader.swift; sourceTree = "<group>"; };
		9BCF0B021B03B8930005E5AD /* Info.plist */ = {isa = PBXFileReference; fileEncoding = 4; lastKnownFileType = text.plist.xml; path = Info.plist; sourceTree = "<group>"; };
		9BCF0B031B03B8930005E5AD /* KeyboardLayoutConstraint.swift */ = {isa = PBXFileReference; fileEncoding = 4; lastKnownFileType = sourcecode.swift; path = KeyboardLayoutConstraint.swift; sourceTree = "<group>"; };
		9BCF0B041B03B8930005E5AD /* LoadingView.swift */ = {isa = PBXFileReference; fileEncoding = 4; lastKnownFileType = sourcecode.swift; path = LoadingView.swift; sourceTree = "<group>"; };
		9BCF0B051B03B8930005E5AD /* LoadingView.xib */ = {isa = PBXFileReference; fileEncoding = 4; lastKnownFileType = file.xib; path = LoadingView.xib; sourceTree = "<group>"; };
		9BCF0B061B03B8930005E5AD /* Misc.swift */ = {isa = PBXFileReference; fileEncoding = 4; lastKnownFileType = sourcecode.swift; path = Misc.swift; sourceTree = "<group>"; };
		9BCF0B071B03B8930005E5AD /* SoundPlayer.swift */ = {isa = PBXFileReference; fileEncoding = 4; lastKnownFileType = sourcecode.swift; path = SoundPlayer.swift; sourceTree = "<group>"; };
		9BCF0B081B03B8930005E5AD /* Spring.h */ = {isa = PBXFileReference; fileEncoding = 4; lastKnownFileType = sourcecode.c.h; path = Spring.h; sourceTree = "<group>"; };
		9BCF0B091B03B8930005E5AD /* Spring.swift */ = {isa = PBXFileReference; fileEncoding = 4; lastKnownFileType = sourcecode.swift; path = Spring.swift; sourceTree = "<group>"; };
		9BCF0B0A1B03B8930005E5AD /* SpringAnimation.swift */ = {isa = PBXFileReference; fileEncoding = 4; lastKnownFileType = sourcecode.swift; path = SpringAnimation.swift; sourceTree = "<group>"; };
		9BCF0B0B1B03B8930005E5AD /* SpringButton.swift */ = {isa = PBXFileReference; fileEncoding = 4; lastKnownFileType = sourcecode.swift; path = SpringButton.swift; sourceTree = "<group>"; };
		9BCF0B0C1B03B8930005E5AD /* SpringImageView.swift */ = {isa = PBXFileReference; fileEncoding = 4; lastKnownFileType = sourcecode.swift; path = SpringImageView.swift; sourceTree = "<group>"; };
		9BCF0B0D1B03B8930005E5AD /* SpringLabel.swift */ = {isa = PBXFileReference; fileEncoding = 4; lastKnownFileType = sourcecode.swift; path = SpringLabel.swift; sourceTree = "<group>"; };
		9BCF0B0E1B03B8930005E5AD /* SpringTextField.swift */ = {isa = PBXFileReference; fileEncoding = 4; lastKnownFileType = sourcecode.swift; path = SpringTextField.swift; sourceTree = "<group>"; };
		9BCF0B0F1B03B8930005E5AD /* SpringTextView.swift */ = {isa = PBXFileReference; fileEncoding = 4; lastKnownFileType = sourcecode.swift; path = SpringTextView.swift; sourceTree = "<group>"; };
		9BCF0B101B03B8930005E5AD /* SpringView.swift */ = {isa = PBXFileReference; fileEncoding = 4; lastKnownFileType = sourcecode.swift; path = SpringView.swift; sourceTree = "<group>"; };
		9BCF0B111B03B8930005E5AD /* TransitionManager.swift */ = {isa = PBXFileReference; fileEncoding = 4; lastKnownFileType = sourcecode.swift; path = TransitionManager.swift; sourceTree = "<group>"; };
		9BCF0B121B03B8930005E5AD /* TransitionZoom.swift */ = {isa = PBXFileReference; fileEncoding = 4; lastKnownFileType = sourcecode.swift; path = TransitionZoom.swift; sourceTree = "<group>"; };
		9BCF0B131B03B8930005E5AD /* UnwindSegue.swift */ = {isa = PBXFileReference; fileEncoding = 4; lastKnownFileType = sourcecode.swift; path = UnwindSegue.swift; sourceTree = "<group>"; };
/* End PBXFileReference section */

/* Begin PBXFrameworksBuildPhase section */
		9BCF0A971B039E290005E5AD /* Frameworks */ = {
			isa = PBXFrameworksBuildPhase;
			buildActionMask = 2147483647;
			files = (
			);
			runOnlyForDeploymentPostprocessing = 0;
		};
		9BCF0AAC1B039E290005E5AD /* Frameworks */ = {
			isa = PBXFrameworksBuildPhase;
			buildActionMask = 2147483647;
			files = (
			);
			runOnlyForDeploymentPostprocessing = 0;
		};
/* End PBXFrameworksBuildPhase section */

/* Begin PBXGroup section */
		9BCF0A911B039E290005E5AD = {
			isa = PBXGroup;
			children = (
				9BCF0A9C1B039E290005E5AD /* DNApp */,
				9BCF0AB21B039E2A0005E5AD /* DNAppTests */,
				9BCF0A9B1B039E290005E5AD /* Products */,
			);
			sourceTree = "<group>";
		};
		9BCF0A9B1B039E290005E5AD /* Products */ = {
			isa = PBXGroup;
			children = (
				9BCF0A9A1B039E290005E5AD /* DNApp.app */,
				9BCF0AAF1B039E290005E5AD /* DNAppTests.xctest */,
			);
			name = Products;
			sourceTree = "<group>";
		};
		9BCF0A9C1B039E290005E5AD /* DNApp */ = {
			isa = PBXGroup;
			children = (
				9BCF0AF51B03B8930005E5AD /* Spring */,
				9BCF0A9F1B039E290005E5AD /* AppDelegate.swift */,
				9BCF0AA11B039E290005E5AD /* ViewController.swift */,
				9BCF0AA31B039E290005E5AD /* Main.storyboard */,
				9BCF0AA61B039E290005E5AD /* Images.xcassets */,
				9BCF0AA81B039E290005E5AD /* LaunchScreen.xib */,
				9BCF0A9D1B039E290005E5AD /* Supporting Files */,
			);
			path = DNApp;
			sourceTree = "<group>";
		};
		9BCF0A9D1B039E290005E5AD /* Supporting Files */ = {
			isa = PBXGroup;
			children = (
				9BCF0A9E1B039E290005E5AD /* Info.plist */,
			);
			name = "Supporting Files";
			sourceTree = "<group>";
		};
		9BCF0AB21B039E2A0005E5AD /* DNAppTests */ = {
			isa = PBXGroup;
			children = (
				9BCF0AB51B039E2A0005E5AD /* DNAppTests.swift */,
				9BCF0AB31B039E2A0005E5AD /* Supporting Files */,
			);
			path = DNAppTests;
			sourceTree = "<group>";
		};
		9BCF0AB31B039E2A0005E5AD /* Supporting Files */ = {
			isa = PBXGroup;
			children = (
				9BCF0AB41B039E2A0005E5AD /* Info.plist */,
			);
			name = "Supporting Files";
			sourceTree = "<group>";
		};
		9BCF0AF51B03B8930005E5AD /* Spring */ = {
			isa = PBXGroup;
			children = (
				9BCF0AF61B03B8930005E5AD /* AsyncButton.swift */,
				9BCF0AF71B03B8930005E5AD /* AsyncImageView.swift */,
				9BCF0AF81B03B8930005E5AD /* AutoTextView.swift */,
				9BCF0AF91B03B8930005E5AD /* BlurView.swift */,
				9BCF0AFA1B03B8930005E5AD /* DesignableButton.swift */,
				9BCF0AFB1B03B8930005E5AD /* DesignableImageView.swift */,
				9BCF0AFC1B03B8930005E5AD /* DesignableLabel.swift */,
				9BCF0AFD1B03B8930005E5AD /* DesignableTabBarController.swift */,
				9BCF0AFE1B03B8930005E5AD /* DesignableTextField.swift */,
				9BCF0AFF1B03B8930005E5AD /* DesignableTextView.swift */,
				9BCF0B001B03B8930005E5AD /* DesignableView.swift */,
				9BCF0B011B03B8930005E5AD /* ImageLoader.swift */,
				9BCF0B021B03B8930005E5AD /* Info.plist */,
				9BCF0B031B03B8930005E5AD /* KeyboardLayoutConstraint.swift */,
				9BCF0B041B03B8930005E5AD /* LoadingView.swift */,
				9BCF0B051B03B8930005E5AD /* LoadingView.xib */,
				9BCF0B061B03B8930005E5AD /* Misc.swift */,
				9BCF0B071B03B8930005E5AD /* SoundPlayer.swift */,
				9BCF0B081B03B8930005E5AD /* Spring.h */,
				9BCF0B091B03B8930005E5AD /* Spring.swift */,
				9BCF0B0A1B03B8930005E5AD /* SpringAnimation.swift */,
				9BCF0B0B1B03B8930005E5AD /* SpringButton.swift */,
				9BCF0B0C1B03B8930005E5AD /* SpringImageView.swift */,
				9BCF0B0D1B03B8930005E5AD /* SpringLabel.swift */,
				9BCF0B0E1B03B8930005E5AD /* SpringTextField.swift */,
				9BCF0B0F1B03B8930005E5AD /* SpringTextView.swift */,
				9BCF0B101B03B8930005E5AD /* SpringView.swift */,
				9BCF0B111B03B8930005E5AD /* TransitionManager.swift */,
				9BCF0B121B03B8930005E5AD /* TransitionZoom.swift */,
				9BCF0B131B03B8930005E5AD /* UnwindSegue.swift */,
			);
			path = Spring;
			sourceTree = "<group>";
		};
/* End PBXGroup section */

/* Begin PBXNativeTarget section */
		9BCF0A991B039E290005E5AD /* DNApp */ = {
			isa = PBXNativeTarget;
			buildConfigurationList = 9BCF0AB91B039E2A0005E5AD /* Build configuration list for PBXNativeTarget "DNApp" */;
			buildPhases = (
				9BCF0A961B039E290005E5AD /* Sources */,
				9BCF0A971B039E290005E5AD /* Frameworks */,
				9BCF0A981B039E290005E5AD /* Resources */,
			);
			buildRules = (
			);
			dependencies = (
			);
			name = DNApp;
			productName = DNApp;
			productReference = 9BCF0A9A1B039E290005E5AD /* DNApp.app */;
			productType = "com.apple.product-type.application";
		};
		9BCF0AAE1B039E290005E5AD /* DNAppTests */ = {
			isa = PBXNativeTarget;
			buildConfigurationList = 9BCF0ABC1B039E2A0005E5AD /* Build configuration list for PBXNativeTarget "DNAppTests" */;
			buildPhases = (
				9BCF0AAB1B039E290005E5AD /* Sources */,
				9BCF0AAC1B039E290005E5AD /* Frameworks */,
				9BCF0AAD1B039E290005E5AD /* Resources */,
			);
			buildRules = (
			);
			dependencies = (
				9BCF0AB11B039E2A0005E5AD /* PBXTargetDependency */,
			);
			name = DNAppTests;
			productName = DNAppTests;
			productReference = 9BCF0AAF1B039E290005E5AD /* DNAppTests.xctest */;
			productType = "com.apple.product-type.bundle.unit-test";
		};
/* End PBXNativeTarget section */

/* Begin PBXProject section */
		9BCF0A921B039E290005E5AD /* Project object */ = {
			isa = PBXProject;
			attributes = {
				LastUpgradeCheck = 0610;
				ORGANIZATIONNAME = "Emily MacLeod";
				TargetAttributes = {
					9BCF0A991B039E290005E5AD = {
						CreatedOnToolsVersion = 6.1.1;
					};
					9BCF0AAE1B039E290005E5AD = {
						CreatedOnToolsVersion = 6.1.1;
						TestTargetID = 9BCF0A991B039E290005E5AD;
					};
				};
			};
			buildConfigurationList = 9BCF0A951B039E290005E5AD /* Build configuration list for PBXProject "DNApp" */;
			compatibilityVersion = "Xcode 3.2";
			developmentRegion = English;
			hasScannedForEncodings = 0;
			knownRegions = (
				en,
				Base,
			);
			mainGroup = 9BCF0A911B039E290005E5AD;
			productRefGroup = 9BCF0A9B1B039E290005E5AD /* Products */;
			projectDirPath = "";
			projectRoot = "";
			targets = (
				9BCF0A991B039E290005E5AD /* DNApp */,
				9BCF0AAE1B039E290005E5AD /* DNAppTests */,
			);
		};
/* End PBXProject section */

/* Begin PBXResourcesBuildPhase section */
		9BCF0A981B039E290005E5AD /* Resources */ = {
			isa = PBXResourcesBuildPhase;
			buildActionMask = 2147483647;
			files = (
				9BCF0B201B03B8930005E5AD /* Info.plist in Resources */,
				9BCF0AA51B039E290005E5AD /* Main.storyboard in Resources */,
				9BCF0AAA1B039E290005E5AD /* LaunchScreen.xib in Resources */,
				9BCF0AA71B039E290005E5AD /* Images.xcassets in Resources */,
				9BCF0B231B03B8930005E5AD /* LoadingView.xib in Resources */,
			);
			runOnlyForDeploymentPostprocessing = 0;
		};
		9BCF0AAD1B039E290005E5AD /* Resources */ = {
			isa = PBXResourcesBuildPhase;
			buildActionMask = 2147483647;
			files = (
			);
			runOnlyForDeploymentPostprocessing = 0;
		};
/* End PBXResourcesBuildPhase section */

/* Begin PBXSourcesBuildPhase section */
		9BCF0A961B039E290005E5AD /* Sources */ = {
			isa = PBXSourcesBuildPhase;
			buildActionMask = 2147483647;
			files = (
				9BCF0B2A1B03B8930005E5AD /* SpringLabel.swift in Sources */,
				9BCF0B1F1B03B8930005E5AD /* ImageLoader.swift in Sources */,
				9BCF0B241B03B8930005E5AD /* Misc.swift in Sources */,
				9BCF0B191B03B8930005E5AD /* DesignableImageView.swift in Sources */,
				9BCF0B291B03B8930005E5AD /* SpringImageView.swift in Sources */,
				9BCF0AA21B039E290005E5AD /* ViewController.swift in Sources */,
				9BCF0B251B03B8930005E5AD /* SoundPlayer.swift in Sources */,
				9BCF0B2C1B03B8930005E5AD /* SpringTextView.swift in Sources */,
				9BCF0AA01B039E290005E5AD /* AppDelegate.swift in Sources */,
				9BCF0B1E1B03B8930005E5AD /* DesignableView.swift in Sources */,
				9BCF0B271B03B8930005E5AD /* SpringAnimation.swift in Sources */,
				9BCF0B261B03B8930005E5AD /* Spring.swift in Sources */,
				9BCF0B221B03B8930005E5AD /* LoadingView.swift in Sources */,
				9BCF0B2B1B03B8930005E5AD /* SpringTextField.swift in Sources */,
				9BCF0B181B03B8930005E5AD /* DesignableButton.swift in Sources */,
				9BCF0B1C1B03B8930005E5AD /* DesignableTextField.swift in Sources */,
				9BCF0B141B03B8930005E5AD /* AsyncButton.swift in Sources */,
				9BCF0B211B03B8930005E5AD /* KeyboardLayoutConstraint.swift in Sources */,
				9BCF0B281B03B8930005E5AD /* SpringButton.swift in Sources */,
				9BCF0B151B03B8930005E5AD /* AsyncImageView.swift in Sources */,
				9BCF0B1B1B03B8930005E5AD /* DesignableTabBarController.swift in Sources */,
				9BCF0B161B03B8930005E5AD /* AutoTextView.swift in Sources */,
				9BCF0B1D1B03B8930005E5AD /* DesignableTextView.swift in Sources */,
				9BCF0B1A1B03B8930005E5AD /* DesignableLabel.swift in Sources */,
				9BCF0B301B03B8930005E5AD /* UnwindSegue.swift in Sources */,
				9BCF0B2E1B03B8930005E5AD /* TransitionManager.swift in Sources */,
				9BCF0B171B03B8930005E5AD /* BlurView.swift in Sources */,
				9BCF0B2D1B03B8930005E5AD /* SpringView.swift in Sources */,
				9BCF0B2F1B03B8930005E5AD /* TransitionZoom.swift in Sources */,
			);
			runOnlyForDeploymentPostprocessing = 0;
		};
		9BCF0AAB1B039E290005E5AD /* Sources */ = {
			isa = PBXSourcesBuildPhase;
			buildActionMask = 2147483647;
			files = (
				9BCF0AB61B039E2A0005E5AD /* DNAppTests.swift in Sources */,
			);
			runOnlyForDeploymentPostprocessing = 0;
		};
/* End PBXSourcesBuildPhase section */

/* Begin PBXTargetDependency section */
		9BCF0AB11B039E2A0005E5AD /* PBXTargetDependency */ = {
			isa = PBXTargetDependency;
			target = 9BCF0A991B039E290005E5AD /* DNApp */;
			targetProxy = 9BCF0AB01B039E2A0005E5AD /* PBXContainerItemProxy */;
		};
/* End PBXTargetDependency section */

/* Begin PBXVariantGroup section */
		9BCF0AA31B039E290005E5AD /* Main.storyboard */ = {
			isa = PBXVariantGroup;
			children = (
				9BCF0AA41B039E290005E5AD /* Base */,
			);
			name = Main.storyboard;
			sourceTree = "<group>";
		};
		9BCF0AA81B039E290005E5AD /* LaunchScreen.xib */ = {
			isa = PBXVariantGroup;
			children = (
				9BCF0AA91B039E290005E5AD /* Base */,
			);
			name = LaunchScreen.xib;
			sourceTree = "<group>";
		};
/* End PBXVariantGroup section */

/* Begin XCBuildConfiguration section */
		9BCF0AB71B039E2A0005E5AD /* Debug */ = {
			isa = XCBuildConfiguration;
			buildSettings = {
				ALWAYS_SEARCH_USER_PATHS = NO;
				CLANG_CXX_LANGUAGE_STANDARD = "gnu++0x";
				CLANG_CXX_LIBRARY = "libc++";
				CLANG_ENABLE_MODULES = YES;
				CLANG_ENABLE_OBJC_ARC = YES;
				CLANG_WARN_BOOL_CONVERSION = YES;
				CLANG_WARN_CONSTANT_CONVERSION = YES;
				CLANG_WARN_DIRECT_OBJC_ISA_USAGE = YES_ERROR;
				CLANG_WARN_EMPTY_BODY = YES;
				CLANG_WARN_ENUM_CONVERSION = YES;
				CLANG_WARN_INT_CONVERSION = YES;
				CLANG_WARN_OBJC_ROOT_CLASS = YES_ERROR;
				CLANG_WARN_UNREACHABLE_CODE = YES;
				CLANG_WARN__DUPLICATE_METHOD_MATCH = YES;
				"CODE_SIGN_IDENTITY[sdk=iphoneos*]" = "iPhone Developer";
				COPY_PHASE_STRIP = NO;
				ENABLE_STRICT_OBJC_MSGSEND = YES;
				GCC_C_LANGUAGE_STANDARD = gnu99;
				GCC_DYNAMIC_NO_PIC = NO;
				GCC_OPTIMIZATION_LEVEL = 0;
				GCC_PREPROCESSOR_DEFINITIONS = (
					"DEBUG=1",
					"$(inherited)",
				);
				GCC_SYMBOLS_PRIVATE_EXTERN = NO;
				GCC_WARN_64_TO_32_BIT_CONVERSION = YES;
				GCC_WARN_ABOUT_RETURN_TYPE = YES_ERROR;
				GCC_WARN_UNDECLARED_SELECTOR = YES;
				GCC_WARN_UNINITIALIZED_AUTOS = YES_AGGRESSIVE;
				GCC_WARN_UNUSED_FUNCTION = YES;
				GCC_WARN_UNUSED_VARIABLE = YES;
				IPHONEOS_DEPLOYMENT_TARGET = 8.1;
				MTL_ENABLE_DEBUG_INFO = YES;
				ONLY_ACTIVE_ARCH = YES;
				SDKROOT = iphoneos;
				SWIFT_OPTIMIZATION_LEVEL = "-Onone";
			};
			name = Debug;
		};
		9BCF0AB81B039E2A0005E5AD /* Release */ = {
			isa = XCBuildConfiguration;
			buildSettings = {
				ALWAYS_SEARCH_USER_PATHS = NO;
				CLANG_CXX_LANGUAGE_STANDARD = "gnu++0x";
				CLANG_CXX_LIBRARY = "libc++";
				CLANG_ENABLE_MODULES = YES;
				CLANG_ENABLE_OBJC_ARC = YES;
				CLANG_WARN_BOOL_CONVERSION = YES;
				CLANG_WARN_CONSTANT_CONVERSION = YES;
				CLANG_WARN_DIRECT_OBJC_ISA_USAGE = YES_ERROR;
				CLANG_WARN_EMPTY_BODY = YES;
				CLANG_WARN_ENUM_CONVERSION = YES;
				CLANG_WARN_INT_CONVERSION = YES;
				CLANG_WARN_OBJC_ROOT_CLASS = YES_ERROR;
				CLANG_WARN_UNREACHABLE_CODE = YES;
				CLANG_WARN__DUPLICATE_METHOD_MATCH = YES;
				"CODE_SIGN_IDENTITY[sdk=iphoneos*]" = "iPhone Developer";
				COPY_PHASE_STRIP = YES;
				ENABLE_NS_ASSERTIONS = NO;
				ENABLE_STRICT_OBJC_MSGSEND = YES;
				GCC_C_LANGUAGE_STANDARD = gnu99;
				GCC_WARN_64_TO_32_BIT_CONVERSION = YES;
				GCC_WARN_ABOUT_RETURN_TYPE = YES_ERROR;
				GCC_WARN_UNDECLARED_SELECTOR = YES;
				GCC_WARN_UNINITIALIZED_AUTOS = YES_AGGRESSIVE;
				GCC_WARN_UNUSED_FUNCTION = YES;
				GCC_WARN_UNUSED_VARIABLE = YES;
				IPHONEOS_DEPLOYMENT_TARGET = 8.1;
				MTL_ENABLE_DEBUG_INFO = NO;
				SDKROOT = iphoneos;
				VALIDATE_PRODUCT = YES;
			};
			name = Release;
		};
		9BCF0ABA1B039E2A0005E5AD /* Debug */ = {
			isa = XCBuildConfiguration;
			buildSettings = {
				ASSETCATALOG_COMPILER_APPICON_NAME = AppIcon;
				INFOPLIST_FILE = DNApp/Info.plist;
				LD_RUNPATH_SEARCH_PATHS = "$(inherited) @executable_path/Frameworks";
				PRODUCT_NAME = "$(TARGET_NAME)";
			};
			name = Debug;
		};
		9BCF0ABB1B039E2A0005E5AD /* Release */ = {
			isa = XCBuildConfiguration;
			buildSettings = {
				ASSETCATALOG_COMPILER_APPICON_NAME = AppIcon;
				INFOPLIST_FILE = DNApp/Info.plist;
				LD_RUNPATH_SEARCH_PATHS = "$(inherited) @executable_path/Frameworks";
				PRODUCT_NAME = "$(TARGET_NAME)";
			};
			name = Release;
		};
		9BCF0ABD1B039E2A0005E5AD /* Debug */ = {
			isa = XCBuildConfiguration;
			buildSettings = {
				BUNDLE_LOADER = "$(TEST_HOST)";
				FRAMEWORK_SEARCH_PATHS = (
					"$(SDKROOT)/Developer/Library/Frameworks",
					"$(inherited)",
				);
				GCC_PREPROCESSOR_DEFINITIONS = (
					"DEBUG=1",
					"$(inherited)",
				);
				INFOPLIST_FILE = DNAppTests/Info.plist;
				LD_RUNPATH_SEARCH_PATHS = "$(inherited) @executable_path/Frameworks @loader_path/Frameworks";
				PRODUCT_NAME = "$(TARGET_NAME)";
				TEST_HOST = "$(BUILT_PRODUCTS_DIR)/DNApp.app/DNApp";
			};
			name = Debug;
		};
		9BCF0ABE1B039E2A0005E5AD /* Release */ = {
			isa = XCBuildConfiguration;
			buildSettings = {
				BUNDLE_LOADER = "$(TEST_HOST)";
				FRAMEWORK_SEARCH_PATHS = (
					"$(SDKROOT)/Developer/Library/Frameworks",
					"$(inherited)",
				);
				INFOPLIST_FILE = DNAppTests/Info.plist;
				LD_RUNPATH_SEARCH_PATHS = "$(inherited) @executable_path/Frameworks @loader_path/Frameworks";
				PRODUCT_NAME = "$(TARGET_NAME)";
				TEST_HOST = "$(BUILT_PRODUCTS_DIR)/DNApp.app/DNApp";
			};
			name = Release;
		};
/* End XCBuildConfiguration section */

/* Begin XCConfigurationList section */
		9BCF0A951B039E290005E5AD /* Build configuration list for PBXProject "DNApp" */ = {
			isa = XCConfigurationList;
			buildConfigurations = (
				9BCF0AB71B039E2A0005E5AD /* Debug */,
				9BCF0AB81B039E2A0005E5AD /* Release */,
			);
			defaultConfigurationIsVisible = 0;
			defaultConfigurationName = Release;
		};
		9BCF0AB91B039E2A0005E5AD /* Build configuration list for PBXNativeTarget "DNApp" */ = {
			isa = XCConfigurationList;
			buildConfigurations = (
				9BCF0ABA1B039E2A0005E5AD /* Debug */,
				9BCF0ABB1B039E2A0005E5AD /* Release */,
			);
			defaultConfigurationIsVisible = 0;
		};
		9BCF0ABC1B039E2A0005E5AD /* Build configuration list for PBXNativeTarget "DNAppTests" */ = {
			isa = XCConfigurationList;
			buildConfigurations = (
				9BCF0ABD1B039E2A0005E5AD /* Debug */,
				9BCF0ABE1B039E2A0005E5AD /* Release */,
			);
			defaultConfigurationIsVisible = 0;
		};
/* End XCConfigurationList section */
	};
	rootObject = 9BCF0A921B039E290005E5AD /* Project object */;
}
