// !$*UTF8*$!
{
	archiveVersion = 1;
	classes = {
	};
	objectVersion = 46;
	objects = {

/* Begin PBXBuildFile section */
		9BCF0AA01B039E290005E5AD /* AppDelegate.swift in Sources */ = {isa = PBXBuildFile; fileRef = 9BCF0A9F1B039E290005E5AD /* AppDelegate.swift */; };
		9BCF0AA21B039E290005E5AD /* ViewController.swift in Sources */ = {isa = PBXBuildFile; fileRef = 9BCF0AA11B039E290005E5AD /* ViewController.swift */; };
		9BCF0AA51B039E290005E5AD /* Main.storyboard in Resources */ = {isa = PBXBuildFile; fileRef = 9BCF0AA31B039E290005E5AD /* Main.storyboard */; };
		9BCF0AA71B039E290005E5AD /* Images.xcassets in Resources */ = {isa = PBXBuildFile; fileRef = 9BCF0AA61B039E290005E5AD /* Images.xcassets */; };
		9BCF0AAA1B039E290005E5AD /* LaunchScreen.xib in Resources */ = {isa = PBXBuildFile; fileRef = 9BCF0AA81B039E290005E5AD /* LaunchScreen.xib */; };
		9BCF0AB61B039E2A0005E5AD /* DNAppTests.swift in Sources */ = {isa = PBXBuildFile; fileRef = 9BCF0AB51B039E2A0005E5AD /* DNAppTests.swift */; };
/* End PBXBuildFile section */

/* Begin PBXContainerItemProxy section */
		9BCF0AB01B039E2A0005E5AD /* PBXContainerItemProxy */ = {
			isa = PBXContainerItemProxy;
			containerPortal = 9BCF0A921B039E290005E5AD /* Project object */;
			proxyType = 1;
			remoteGlobalIDString = 9BCF0A991B039E290005E5AD;
			remoteInfo = DNApp;
		};
/* End PBXContainerItemProxy section */

/* Begin PBXFileReference section */
		9BCF0A9A1B039E290005E5AD /* DNApp.app */ = {isa = PBXFileReference; explicitFileType = wrapper.application; includeInIndex = 0; path = DNApp.app; sourceTree = BUILT_PRODUCTS_DIR; };
		9BCF0A9E1B039E290005E5AD /* Info.plist */ = {isa = PBXFileReference; lastKnownFileType = text.plist.xml; path = Info.plist; sourceTree = "<group>"; };
		9BCF0A9F1B039E290005E5AD /* AppDelegate.swift */ = {isa = PBXFileReference; lastKnownFileType = sourcecode.swift; path = AppDelegate.swift; sourceTree = "<group>"; };
		9BCF0AA11B039E290005E5AD /* ViewController.swift */ = {isa = PBXFileReference; lastKnownFileType = sourcecode.swift; path = ViewController.swift; sourceTree = "<group>"; };
		9BCF0AA41B039E290005E5AD /* Base */ = {isa = PBXFileReference; lastKnownFileType = file.storyboard; name = Base; path = Base.lproj/Main.storyboard; sourceTree = "<group>"; };
		9BCF0AA61B039E290005E5AD /* Images.xcassets */ = {isa = PBXFileReference; lastKnownFileType = folder.assetcatalog; path = Images.xcassets; sourceTree = "<group>"; };
		9BCF0AA91B039E290005E5AD /* Base */ = {isa = PBXFileReference; lastKnownFileType = file.xib; name = Base; path = Base.lproj/LaunchScreen.xib; sourceTree = "<group>"; };
		9BCF0AAF1B039E290005E5AD /* DNAppTests.xctest */ = {isa = PBXFileReference; explicitFileType = wrapper.cfbundle; includeInIndex = 0; path = DNAppTests.xctest; sourceTree = BUILT_PRODUCTS_DIR; };
		9BCF0AB41B039E2A0005E5AD /* Info.plist */ = {isa = PBXFileReference; lastKnownFileType = text.plist.xml; path = Info.plist; sourceTree = "<group>"; };
		9BCF0AB51B039E2A0005E5AD /* DNAppTests.swift */ = {isa = PBXFileReference; lastKnownFileType = sourcecode.swift; path = DNAppTests.swift; sourceTree = "<group>"; };
/* End PBXFileReference section */

/* Begin PBXFrameworksBuildPhase section */
		9BCF0A971B039E290005E5AD /* Frameworks */ = {
			isa = PBXFrameworksBuildPhase;
			buildActionMask = 2147483647;
			files = (
			);
			runOnlyForDeploymentPostprocessing = 0;
		};
		9BCF0AAC1B039E290005E5AD /* Frameworks */ = {
			isa = PBXFrameworksBuildPhase;
			buildActionMask = 2147483647;
			files = (
			);
			runOnlyForDeploymentPostprocessing = 0;
		};
/* End PBXFrameworksBuildPhase section */

/* Begin PBXGroup section */
		9BCF0A911B039E290005E5AD = {
			isa = PBXGroup;
			children = (
				9BCF0A9C1B039E290005E5AD /* DNApp */,
				9BCF0AB21B039E2A0005E5AD /* DNAppTests */,
				9BCF0A9B1B039E290005E5AD /* Products */,
			);
			sourceTree = "<group>";
		};
		9BCF0A9B1B039E290005E5AD /* Products */ = {
			isa = PBXGroup;
			children = (
				9BCF0A9A1B039E290005E5AD /* DNApp.app */,
				9BCF0AAF1B039E290005E5AD /* DNAppTests.xctest */,
			);
			name = Products;
			sourceTree = "<group>";
		};
		9BCF0A9C1B039E290005E5AD /* DNApp */ = {
			isa = PBXGroup;
			children = (
				9BCF0A9F1B039E290005E5AD /* AppDelegate.swift */,
				9BCF0AA11B039E290005E5AD /* ViewController.swift */,
				9BCF0AA31B039E290005E5AD /* Main.storyboard */,
				9BCF0AA61B039E290005E5AD /* Images.xcassets */,
				9BCF0AA81B039E290005E5AD /* LaunchScreen.xib */,
				9BCF0A9D1B039E290005E5AD /* Supporting Files */,
			);
			path = DNApp;
			sourceTree = "<group>";
		};
		9BCF0A9D1B039E290005E5AD /* Supporting Files */ = {
			isa = PBXGroup;
			children = (
				9BCF0A9E1B039E290005E5AD /* Info.plist */,
			);
			name = "Supporting Files";
			sourceTree = "<group>";
		};
		9BCF0AB21B039E2A0005E5AD /* DNAppTests */ = {
			isa = PBXGroup;
			children = (
				9BCF0AB51B039E2A0005E5AD /* DNAppTests.swift */,
				9BCF0AB31B039E2A0005E5AD /* Supporting Files */,
			);
			path = DNAppTests;
			sourceTree = "<group>";
		};
		9BCF0AB31B039E2A0005E5AD /* Supporting Files */ = {
			isa = PBXGroup;
			children = (
				9BCF0AB41B039E2A0005E5AD /* Info.plist */,
			);
			name = "Supporting Files";
			sourceTree = "<group>";
		};
/* End PBXGroup section */

/* Begin PBXNativeTarget section */
		9BCF0A991B039E290005E5AD /* DNApp */ = {
			isa = PBXNativeTarget;
			buildConfigurationList = 9BCF0AB91B039E2A0005E5AD /* Build configuration list for PBXNativeTarget "DNApp" */;
			buildPhases = (
				9BCF0A961B039E290005E5AD /* Sources */,
				9BCF0A971B039E290005E5AD /* Frameworks */,
				9BCF0A981B039E290005E5AD /* Resources */,
			);
			buildRules = (
			);
			dependencies = (
			);
			name = DNApp;
			productName = DNApp;
			productReference = 9BCF0A9A1B039E290005E5AD /* DNApp.app */;
			productType = "com.apple.product-type.application";
		};
		9BCF0AAE1B039E290005E5AD /* DNAppTests */ = {
			isa = PBXNativeTarget;
			buildConfigurationList = 9BCF0ABC1B039E2A0005E5AD /* Build configuration list for PBXNativeTarget "DNAppTests" */;
			buildPhases = (
				9BCF0AAB1B039E290005E5AD /* Sources */,
				9BCF0AAC1B039E290005E5AD /* Frameworks */,
				9BCF0AAD1B039E290005E5AD /* Resources */,
			);
			buildRules = (
			);
			dependencies = (
				9BCF0AB11B039E2A0005E5AD /* PBXTargetDependency */,
			);
			name = DNAppTests;
			productName = DNAppTests;
			productReference = 9BCF0AAF1B039E290005E5AD /* DNAppTests.xctest */;
			productType = "com.apple.product-type.bundle.unit-test";
		};
/* End PBXNativeTarget section */

/* Begin PBXProject section */
		9BCF0A921B039E290005E5AD /* Project object */ = {
			isa = PBXProject;
			attributes = {
				LastUpgradeCheck = 0610;
				ORGANIZATIONNAME = "Emily MacLeod";
				TargetAttributes = {
					9BCF0A991B039E290005E5AD = {
						CreatedOnToolsVersion = 6.1.1;
					};
					9BCF0AAE1B039E290005E5AD = {
						CreatedOnToolsVersion = 6.1.1;
						TestTargetID = 9BCF0A991B039E290005E5AD;
					};
				};
			};
			buildConfigurationList = 9BCF0A951B039E290005E5AD /* Build configuration list for PBXProject "DNApp" */;
			compatibilityVersion = "Xcode 3.2";
			developmentRegion = English;
			hasScannedForEncodings = 0;
			knownRegions = (
				en,
				Base,
			);
			mainGroup = 9BCF0A911B039E290005E5AD;
			productRefGroup = 9BCF0A9B1B039E290005E5AD /* Products */;
			projectDirPath = "";
			projectRoot = "";
			targets = (
				9BCF0A991B039E290005E5AD /* DNApp */,
				9BCF0AAE1B039E290005E5AD /* DNAppTests */,
			);
		};
/* End PBXProject section */

/* Begin PBXResourcesBuildPhase section */
		9BCF0A981B039E290005E5AD /* Resources */ = {
			isa = PBXResourcesBuildPhase;
			buildActionMask = 2147483647;
			files = (
				9BCF0AA51B039E290005E5AD /* Main.storyboard in Resources */,
				9BCF0AAA1B039E290005E5AD /* LaunchScreen.xib in Resources */,
				9BCF0AA71B039E290005E5AD /* Images.xcassets in Resources */,
			);
			runOnlyForDeploymentPostprocessing = 0;
		};
		9BCF0AAD1B039E290005E5AD /* Resources */ = {
			isa = PBXResourcesBuildPhase;
			buildActionMask = 2147483647;
			files = (
			);
			runOnlyForDeploymentPostprocessing = 0;
		};
/* End PBXResourcesBuildPhase section */

/* Begin PBXSourcesBuildPhase section */
		9BCF0A961B039E290005E5AD /* Sources */ = {
			isa = PBXSourcesBuildPhase;
			buildActionMask = 2147483647;
			files = (
				9BCF0AA21B039E290005E5AD /* ViewController.swift in Sources */,
				9BCF0AA01B039E290005E5AD /* AppDelegate.swift in Sources */,
			);
			runOnlyForDeploymentPostprocessing = 0;
		};
		9BCF0AAB1B039E290005E5AD /* Sources */ = {
			isa = PBXSourcesBuildPhase;
			buildActionMask = 2147483647;
			files = (
				9BCF0AB61B039E2A0005E5AD /* DNAppTests.swift in Sources */,
			);
			runOnlyForDeploymentPostprocessing = 0;
		};
/* End PBXSourcesBuildPhase section */

/* Begin PBXTargetDependency section */
		9BCF0AB11B039E2A0005E5AD /* PBXTargetDependency */ = {
			isa = PBXTargetDependency;
			target = 9BCF0A991B039E290005E5AD /* DNApp */;
			targetProxy = 9BCF0AB01B039E2A0005E5AD /* PBXContainerItemProxy */;
		};
/* End PBXTargetDependency section */

/* Begin PBXVariantGroup section */
		9BCF0AA31B039E290005E5AD /* Main.storyboard */ = {
			isa = PBXVariantGroup;
			children = (
				9BCF0AA41B039E290005E5AD /* Base */,
			);
			name = Main.storyboard;
			sourceTree = "<group>";
		};
		9BCF0AA81B039E290005E5AD /* LaunchScreen.xib */ = {
			isa = PBXVariantGroup;
			children = (
				9BCF0AA91B039E290005E5AD /* Base */,
			);
			name = LaunchScreen.xib;
			sourceTree = "<group>";
		};
/* End PBXVariantGroup section */

/* Begin XCBuildConfiguration section */
		9BCF0AB71B039E2A0005E5AD /* Debug */ = {
			isa = XCBuildConfiguration;
			buildSettings = {
				ALWAYS_SEARCH_USER_PATHS = NO;
				CLANG_CXX_LANGUAGE_STANDARD = "gnu++0x";
				CLANG_CXX_LIBRARY = "libc++";
				CLANG_ENABLE_MODULES = YES;
				CLANG_ENABLE_OBJC_ARC = YES;
				CLANG_WARN_BOOL_CONVERSION = YES;
				CLANG_WARN_CONSTANT_CONVERSION = YES;
				CLANG_WARN_DIRECT_OBJC_ISA_USAGE = YES_ERROR;
				CLANG_WARN_EMPTY_BODY = YES;
				CLANG_WARN_ENUM_CONVERSION = YES;
				CLANG_WARN_INT_CONVERSION = YES;
				CLANG_WARN_OBJC_ROOT_CLASS = YES_ERROR;
				CLANG_WARN_UNREACHABLE_CODE = YES;
				CLANG_WARN__DUPLICATE_METHOD_MATCH = YES;
				"CODE_SIGN_IDENTITY[sdk=iphoneos*]" = "iPhone Developer";
				COPY_PHASE_STRIP = NO;
				ENABLE_STRICT_OBJC_MSGSEND = YES;
				GCC_C_LANGUAGE_STANDARD = gnu99;
				GCC_DYNAMIC_NO_PIC = NO;
				GCC_OPTIMIZATION_LEVEL = 0;
				GCC_PREPROCESSOR_DEFINITIONS = (
					"DEBUG=1",
					"$(inherited)",
				);
				GCC_SYMBOLS_PRIVATE_EXTERN = NO;
				GCC_WARN_64_TO_32_BIT_CONVERSION = YES;
				GCC_WARN_ABOUT_RETURN_TYPE = YES_ERROR;
				GCC_WARN_UNDECLARED_SELECTOR = YES;
				GCC_WARN_UNINITIALIZED_AUTOS = YES_AGGRESSIVE;
				GCC_WARN_UNUSED_FUNCTION = YES;
				GCC_WARN_UNUSED_VARIABLE = YES;
				IPHONEOS_DEPLOYMENT_TARGET = 8.1;
				MTL_ENABLE_DEBUG_INFO = YES;
				ONLY_ACTIVE_ARCH = YES;
				SDKROOT = iphoneos;
				SWIFT_OPTIMIZATION_LEVEL = "-Onone";
			};
			name = Debug;
		};
		9BCF0AB81B039E2A0005E5AD /* Release */ = {
			isa = XCBuildConfiguration;
			buildSettings = {
				ALWAYS_SEARCH_USER_PATHS = NO;
				CLANG_CXX_LANGUAGE_STANDARD = "gnu++0x";
				CLANG_CXX_LIBRARY = "libc++";
				CLANG_ENABLE_MODULES = YES;
				CLANG_ENABLE_OBJC_ARC = YES;
				CLANG_WARN_BOOL_CONVERSION = YES;
				CLANG_WARN_CONSTANT_CONVERSION = YES;
				CLANG_WARN_DIRECT_OBJC_ISA_USAGE = YES_ERROR;
				CLANG_WARN_EMPTY_BODY = YES;
				CLANG_WARN_ENUM_CONVERSION = YES;
				CLANG_WARN_INT_CONVERSION = YES;
				CLANG_WARN_OBJC_ROOT_CLASS = YES_ERROR;
				CLANG_WARN_UNREACHABLE_CODE = YES;
				CLANG_WARN__DUPLICATE_METHOD_MATCH = YES;
				"CODE_SIGN_IDENTITY[sdk=iphoneos*]" = "iPhone Developer";
				COPY_PHASE_STRIP = YES;
				ENABLE_NS_ASSERTIONS = NO;
				ENABLE_STRICT_OBJC_MSGSEND = YES;
				GCC_C_LANGUAGE_STANDARD = gnu99;
				GCC_WARN_64_TO_32_BIT_CONVERSION = YES;
				GCC_WARN_ABOUT_RETURN_TYPE = YES_ERROR;
				GCC_WARN_UNDECLARED_SELECTOR = YES;
				GCC_WARN_UNINITIALIZED_AUTOS = YES_AGGRESSIVE;
				GCC_WARN_UNUSED_FUNCTION = YES;
				GCC_WARN_UNUSED_VARIABLE = YES;
				IPHONEOS_DEPLOYMENT_TARGET = 8.1;
				MTL_ENABLE_DEBUG_INFO = NO;
				SDKROOT = iphoneos;
				VALIDATE_PRODUCT = YES;
			};
			name = Release;
		};
		9BCF0ABA1B039E2A0005E5AD /* Debug */ = {
			isa = XCBuildConfiguration;
			buildSettings = {
				ASSETCATALOG_COMPILER_APPICON_NAME = AppIcon;
				INFOPLIST_FILE = DNApp/Info.plist;
				LD_RUNPATH_SEARCH_PATHS = "$(inherited) @executable_path/Frameworks";
				PRODUCT_NAME = "$(TARGET_NAME)";
			};
			name = Debug;
		};
		9BCF0ABB1B039E2A0005E5AD /* Release */ = {
			isa = XCBuildConfiguration;
			buildSettings = {
				ASSETCATALOG_COMPILER_APPICON_NAME = AppIcon;
				INFOPLIST_FILE = DNApp/Info.plist;
				LD_RUNPATH_SEARCH_PATHS = "$(inherited) @executable_path/Frameworks";
				PRODUCT_NAME = "$(TARGET_NAME)";
			};
			name = Release;
		};
		9BCF0ABD1B039E2A0005E5AD /* Debug */ = {
			isa = XCBuildConfiguration;
			buildSettings = {
				BUNDLE_LOADER = "$(TEST_HOST)";
				FRAMEWORK_SEARCH_PATHS = (
					"$(SDKROOT)/Developer/Library/Frameworks",
					"$(inherited)",
				);
				GCC_PREPROCESSOR_DEFINITIONS = (
					"DEBUG=1",
					"$(inherited)",
				);
				INFOPLIST_FILE = DNAppTests/Info.plist;
				LD_RUNPATH_SEARCH_PATHS = "$(inherited) @executable_path/Frameworks @loader_path/Frameworks";
				PRODUCT_NAME = "$(TARGET_NAME)";
				TEST_HOST = "$(BUILT_PRODUCTS_DIR)/DNApp.app/DNApp";
			};
			name = Debug;
		};
		9BCF0ABE1B039E2A0005E5AD /* Release */ = {
			isa = XCBuildConfiguration;
			buildSettings = {
				BUNDLE_LOADER = "$(TEST_HOST)";
				FRAMEWORK_SEARCH_PATHS = (
					"$(SDKROOT)/Developer/Library/Frameworks",
					"$(inherited)",
				);
				INFOPLIST_FILE = DNAppTests/Info.plist;
				LD_RUNPATH_SEARCH_PATHS = "$(inherited) @executable_path/Frameworks @loader_path/Frameworks";
				PRODUCT_NAME = "$(TARGET_NAME)";
				TEST_HOST = "$(BUILT_PRODUCTS_DIR)/DNApp.app/DNApp";
			};
			name = Release;
		};
/* End XCBuildConfiguration section */

/* Begin XCConfigurationList section */
		9BCF0A951B039E290005E5AD /* Build configuration list for PBXProject "DNApp" */ = {
			isa = XCConfigurationList;
			buildConfigurations = (
				9BCF0AB71B039E2A0005E5AD /* Debug */,
				9BCF0AB81B039E2A0005E5AD /* Release */,
			);
			defaultConfigurationIsVisible = 0;
			defaultConfigurationName = Release;
		};
		9BCF0AB91B039E2A0005E5AD /* Build configuration list for PBXNativeTarget "DNApp" */ = {
			isa = XCConfigurationList;
			buildConfigurations = (
				9BCF0ABA1B039E2A0005E5AD /* Debug */,
				9BCF0ABB1B039E2A0005E5AD /* Release */,
			);
			defaultConfigurationIsVisible = 0;
		};
		9BCF0ABC1B039E2A0005E5AD /* Build configuration list for PBXNativeTarget "DNAppTests" */ = {
			isa = XCConfigurationList;
			buildConfigurations = (
				9BCF0ABD1B039E2A0005E5AD /* Debug */,
				9BCF0ABE1B039E2A0005E5AD /* Release */,
			);
			defaultConfigurationIsVisible = 0;
		};
/* End XCConfigurationList section */
	};
	rootObject = 9BCF0A921B039E290005E5AD /* Project object */;
}
